version = 1
revision = 3
requires-python = "==3.12.*"

[[package]]
name = "argparse-addons"
version = "0.12.0"
source = { registry = "https://pypi.org/simple" }
sdist = { url = "https://files.pythonhosted.org/packages/9e/35/33ecca1cdbebc5397a77f66edbc20ab76265176f7e3511b7696008ad9038/argparse_addons-0.12.0.tar.gz", hash = "sha256:6322a0dcd706887e76308d23136d5b86da0eab75a282dc6496701d1210b460af", size = 3780, upload-time = "2023-01-29T15:52:13.862Z" }
wheels = [
    { url = "https://files.pythonhosted.org/packages/c1/41/629e70c4cb32c1ddb88de970cd174bbb43d8241c8e07bdffc62a8280297c/argparse_addons-0.12.0-py3-none-any.whl", hash = "sha256:48b70ecd719054fcb0d7e6f25a1fecc13607aac61d446e83f47d211b4ead0d61", size = 3310, upload-time = "2023-01-29T15:52:12.255Z" },
]

[[package]]
name = "bitstruct"
version = "8.23.0"
source = { registry = "https://pypi.org/simple" }
sdist = { url = "https://files.pythonhosted.org/packages/6c/b5/83142324f662f23d22c6bb018e2f3caefca9b24b877e4a76ecf516bc81ce/bitstruct-8.23.0.tar.gz", hash = "sha256:3d20a8d748add9b1c68efc6c592a99b4b0937c9dcddd140fdae352bf2513aea5", size = 35774, upload-time = "2026-08-21T05:07:06.021Z" }
wheels = [
    { url = "https://files.pythonhosted.org/packages/61/45/cc9dacd60cb5a90703bab97b77261d86179b1f334ecc552e4ce9fca956f3/bitstruct-8.23.0-cp312-cp312-macosx_10_13_x86_64.whl", hash = "sha256:52183a69bfcb046470b042109f2f9ca695fe0c5e9b12ead59359f90d5c06632c", size = 38331, upload-time = "2026-08-21T05:05:56.487Z" },
    { url = "https://files.pythonhosted.org/packages/f5/f1/d73a83786ca4d6418e71227f47b47f76845dfb25904f29671239d495dcd9/bitstruct-8.23.0-cp312-cp312-macosx_11_0_arm64.whl", hash = "sha256:7eae7e4eedde321ba6063869770c40ec0a9dbb4ac3f07847c218c5079da7b84e", size = 38570, upload-time = "2026-08-21T05:05:57.39Z" },
    { url = "https://files.pythonhosted.org/packages/4d/18/e7818162aa3f402759bf9c02c75bd7bfa087398d9fc9f29dc5345a929c83/bitstruct-8.23.0-cp312-cp312-manylinux2014_aarch64.manylinux_2_17_aarch64.manylinux_2_28_aarch64.whl", hash = "sha256:122cfe63b4e2a3a48d11338d8028e083ad0c3ab9c7831b8c8ac1ce5ba81c5197", size = 82768, upload-time = "2026-08-21T05:05:58.414Z" },
    { url = "https://files.pythonhosted.org/packages/a8/1c/2ab8e3224e066f1543fc197a1fa1ad4e5e8ded2bb7eb04ed4d97060e5b2e/bitstruct-8.23.0-cp312-cp312-manylinux2014_armv7l.manylinux_2_17_armv7l.manylinux_2_31_armv7l.whl", hash = "sha256:1bfd071abf80ee9721ad7aa01c516388a72e808fa150bf1b8c82d1aec014261d", size = 87818, upload-time = "2026-08-21T05:05:59.246Z" },
    { url = "https://files.pythonhosted.org/packages/dc/b2/4cc25d93d368e6c917f63d7426453e0886bc71a57760126f5382fa6bf3e2/bitstruct-8.23.0-cp312-cp312-manylinux2014_x86_64.manylinux_2_17_x86_64.manylinux_2_28_x86_64.whl", hash = "sha256:ea950e3aa1d3fbb96a35f9ab3bae90fa44ea0c5655068af11e7402ecf6860547", size = 82105, upload-time = "2026-08-21T05:06:00.159Z" },
    { url = "https://files.pythonhosted.org/packages/6e/d0/db2bc79cc7f5fa2bdfd01e92144033d975fb506b22c595aaf846322beeac/bitstruct-8.23.0-cp312-cp312-musllinux_1_2_aarch64.whl", hash = "sha256:38250c1d176a48583afe2996743bf6ae57622c2b14620b3f717bdf761db006af", size = 81897, upload-time = "2026-08-21T05:06:00.993Z" },
    { url = "https://files.pythonhosted.org/packages/f7/3c/c2bd6d741cf1046ed12ab8d1a80273c56bbb23ad1325255e4abc6de39f64/bitstruct-8.23.0-cp312-cp312-musllinux_1_2_armv7l.whl", hash = "sha256:92663b4f56e0479f7f5d9363a0062c0a46bb1afe819f74ab74cddc74863d9a40", size = 78512, upload-time = "2026-08-21T05:06:01.805Z" },
    { url = "https://files.pythonhosted.org/packages/99/f3/25eafa4a8c509db9f90b840ea256e6b7f6d38f9e9c806163a31d7fa3172d/bitstruct-8.23.0-cp312-cp312-musllinux_1_2_x86_64.whl", hash = "sha256:32845c4c613af2835b95b8980cf5fde34be0dc0cf98d26bb3e87665c10c5fc05", size = 81344, upload-time = "2026-08-21T05:06:02.665Z" },
    { url = "https://files.pythonhosted.org/packages/a2/d0/ec8a378c0933a0056aa727bf7b01d18da592d24f1183a27661e2d5f0203c/bitstruct-8.23.0-cp312-cp312-win32.whl", hash = "sha256:61f03ea33b22dae83f30248a4b26efa27371be45941ba73aff7a64a3b9a0be95", size = 34397, upload-time = "2026-08-21T05:06:03.508Z" },
    { url = "https://files.pythonhosted.org/packages/e8/3b/c20cb3df5abe87d87b25046ad9b751c10b8909c382f414fcbe87a1c45a70/bitstruct-8.23.0-cp312-cp312-win_amd64.whl", hash = "sha256:6127331b2b006d29fab83e0490d6ba82110df697df835f8219a14c45e0f23bc7", size = 36273, upload-time = "2026-08-21T05:06:04.275Z" },
    { url = "https://files.pythonhosted.org/packages/d0/5c/c27f6162e65c183ebc5125b2aa9346d328b483a956bdec122fba8e0c4424/bitstruct-8.23.0-cp312-cp312-win_arm64.whl", hash = "sha256:b81e40ee6d12f4b7a2dc1e5484c38fbf30f3081813688877befe14443f18dbe6", size = 35814, upload-time = "2026-08-21T05:06:05.073Z" },
]

[[package]]
name = "blucanre"
version = "0.1.0"
source = { editable = "." }
dependencies = [
    { name = "canalystii" },
    { name = "cantools" },
    { name = "numpy" },
    { name = "opendbc" },
    { name = "python-can" },
    { name = "pyyaml" },
]

[package.optional-dependencies]
dev = [
    { name = "pytest" },
]

[package.metadata]
requires-dist = [
    { name = "canalystii" },
    { name = "cantools", specifier = ">=39" },
    { name = "numpy" },
    { name = "opendbc", editable = "/home/joai/opendbc" },
    { name = "pytest", marker = "extra == 'dev'" },
    { name = "python-can", specifier = ">=4.0" },
    { name = "pyyaml" },
]
provides-extras = ["dev"]

[[package]]
name = "canalystii"
version = "0.1"
source = { registry = "https://pypi.org/simple" }
dependencies = [
    { name = "pyusb" },
]
sdist = { url = "https://files.pythonhosted.org/packages/46/54/8831c2b8fb593eaf6fbc450223f5ed0a208ce0d329ba94946eb06420ad86/canalystii-0.1.tar.gz", hash = "sha256:7471e09cdf85c407fd4a7ee0fd4e6de714eb9fca57434befbff02b801dcf0f84", size = 11847, upload-time = "2021-09-12T10:44:40.687Z" }
wheels = [
    { url = "https://files.pythonhosted.org/packages/83/25/335886c7e2aa2f701cf73970880ec41d651f168be1200ea20d56de34ba03/canalystii-0.1-py3-none-any.whl", hash = "sha256:e3f1f80bf84912935e450cf71b3cf382625177f36ad2e502a5517e74b9cd7574", size = 10914, upload-time = "2021-09-12T10:44:39.24Z" },
]

[[package]]
name = "cantools"
version = "43.0.0"
source = { registry = "https://pypi.org/simple" }
dependencies = [
    { name = "argparse-addons" },
    { name = "bitstruct" },
    { name = "crccheck" },
    { name = "python-can" },
    { name = "textparser" },
]
sdist = { url = "https://files.pythonhosted.org/packages/2e/f5/455230b00806983bda85c97be8f33bd9e95856ce2b52d952298eb9e8bdfb/cantools-43.0.0.tar.gz", hash = "sha256:4ce239d0d0f69c574a196e1c5d8f9da0802031abb8f861ed6175a0b02d26d893", size = 1051060, upload-time = "2026-08-21T06:35:53.218Z" }
wheels = [
    { url = "https://files.pythonhosted.org/packages/1f/26/81d262e10080c0bcd7804e9ee2db02e1f893fdd8816fb05d6a5c2e22f8a3/cantools-43.0.0-py3-none-any.whl", hash = "sha256:de1e757a4167da926c7fff8763c6886ddeabb0b7c0d1b6b89b2b4fd301571c56", size = 165039, upload-time = "2026-08-21T06:35:51.731Z" },
]

[[package]]
name = "colorama"
version = "0.4.6"
source = { registry = "https://pypi.org/simple" }
sdist = { url = "https://files.pythonhosted.org/packages/d8/53/6f443c9a4a8358a93a6792e2acffb9d9d5cb0a5cfd8802644b7b1c9a02e4/colorama-0.4.6.tar.gz", hash = "sha256:08695f5cb7ed6e0531a20572697297273c47b8cae5a63ffc6d6ed5c201be6e44", size = 27697, upload-time = "2022-10-25T02:36:22.414Z" }
wheels = [
    { url = "https://files.pythonhosted.org/packages/d1/d6/3965ed04c63042e047cb6a3e6ed1a63a35087b6a609aa3a15ed8ac56c221/colorama-0.4.6-py2.py3-none-any.whl", hash = "sha256:4f1d9991f5acc0ca119f9d443620b77f9d6b33703e51011c16baf57afb285fc6", size = 25335, upload-time = "2022-10-25T02:36:20.889Z" },
]

[[package]]
name = "crccheck"
version = "1.3.1"
source = { registry = "https://pypi.org/simple" }
sdist = { url = "https://files.pythonhosted.org/packages/3c/d1/a943f4f1ca899917cc3fe1cb89d59348edd1b407503e4b02608e8d6b421e/crccheck-1.3.1.tar.gz", hash = "sha256:1544c0110bf0a697d875d4f29dc40d7079f9d4d402a9317383f55f90ca72563a", size = 41696, upload-time = "2025-07-10T07:01:08.683Z" }
wheels = [
    { url = "https://files.pythonhosted.org/packages/01/b5/68a9054be852e61f31de1be4e8d95802646b93344ce17c2380a1748706fa/crccheck-1.3.1-py3-none-any.whl", hash = "sha256:1680c9a7bb1ca4bec45fa19b8ca64319f10d2ce4eb8b0d25d51cb99a20ca0108", size = 24608, upload-time = "2025-07-10T07:01:07.25Z" },
]

[[package]]
name = "iniconfig"
version = "2.3.0"
source = { registry = "https://pypi.org/simple" }
sdist = { url = "https://files.pythonhosted.org/packages/72/34/14ca021ce8e5dfedc35312d08ba8bf51fdd999c576889fc2c24cb97f4f10/iniconfig-2.3.0.tar.gz", hash = "sha256:c76315c77db068650d49c5b56314774a7804df16fee4402c1f19d6d15d8c4730", size = 20503, upload-time = "2025-10-18T21:55:43.219Z" }
wheels = [
    { url = "https://files.pythonhosted.org/packages/cb/b1/3846dd7f199d53cb17f49cba7e651e9ce294d8497c8c150530ed11865bb8/iniconfig-2.3.0-py3-none-any.whl", hash = "sha256:f631c04d2c48c52b84d0d0549c99ff3859c98df65b3101406327ecc7d53fbf12", size = 7484, upload-time = "2025-10-18T21:55:41.639Z" },
]

[[package]]
name = "jinja2"
version = "3.1.6"
source = { registry = "https://pypi.org/simple" }
dependencies = [
    { name = "markupsafe" },
]
sdist = { url = "https://files.pythonhosted.org/packages/df/bf/f7da0350254c0ed7c72f3e33cef02e048281fec7ecec5f032d4aac52226b/jinja2-3.1.6.tar.gz", hash = "sha256:0137fb05990d35f1275a587e9aee6d56da821fc83491a0fb838183be43f66d6d", size = 245115, upload-time = "2025-03-05T20:05:02.478Z" }
wheels = [
    { url = "https://files.pythonhosted.org/packages/62/a1/3d680cbfd5f4b8f15abc1d571870c5fc3e594bb582bc3b64ea099db13e56/jinja2-3.1.6-py3-none-any.whl", hash = "sha256:85ece4451f492d0c13c5dd7c13a64681a86afae63a5f347908daf103ce6d2f67", size = 134899, upload-time = "2025-03-05T20:05:00.369Z" },
]

[[package]]
name = "markupsafe"
version = "3.0.3"
source = { registry = "https://pypi.org/simple" }
sdist = { url = "https://files.pythonhosted.org/packages/7e/99/7690b6d4034fffd95959cbe0c02de8deb3098cc577c67bb6a24fe5d7caa7/markupsafe-3.0.3.tar.gz", hash = "sha256:722695808f4b6457b320fdc131280796bdceb04ab50fe1795cd540799ebe1698", size = 80313, upload-time = "2025-09-27T18:37:40.426Z" }
wheels = [
    { url = "https://files.pythonhosted.org/packages/5a/72/147da192e38635ada20e0a2e1a51cf8823d2119ce8883f7053879c2199b5/markupsafe-3.0.3-cp312-cp312-macosx_10_13_x86_64.whl", hash = "sha256:d53197da72cc091b024dd97249dfc7794d6a56530370992a5e1a08983ad9230e", size = 11615, upload-time = "2025-09-27T18:36:30.854Z" },
    { url = "https://files.pythonhosted.org/packages/9a/81/7e4e08678a1f98521201c3079f77db69fb552acd56067661f8c2f534a718/markupsafe-3.0.3-cp312-cp312-macosx_11_0_arm64.whl", hash = "sha256:1872df69a4de6aead3491198eaf13810b565bdbeec3ae2dc8780f14458ec73ce", size = 12020, upload-time = "2025-09-27T18:36:31.971Z" },
    { url = "https://files.pythonhosted.org/packages/1e/2c/799f4742efc39633a1b54a92eec4082e4f815314869865d876824c257c1e/markupsafe-3.0.3-cp312-cp312-manylinux2014_aarch64.manylinux_2_17_aarch64.manylinux_2_28_aarch64.whl", hash = "sha256:3a7e8ae81ae39e62a41ec302f972ba6ae23a5c5396c8e60113e9066ef893da0d", size = 24332, upload-time = "2025-09-27T18:36:32.813Z" },
    { url = "https://files.pythonhosted.org/packages/3c/2e/8d0c2ab90a8c1d9a24f0399058ab8519a3279d1bd4289511d74e909f060e/markupsafe-3.0.3-cp312-cp312-manylinux2014_x86_64.manylinux_2_17_x86_64.manylinux_2_28_x86_64.whl", hash = "sha256:d6dd0be5b5b189d31db7cda48b91d7e0a9795f31430b7f271219ab30f1d3ac9d", size = 22947, upload-time = "2025-09-27T18:36:33.86Z" },
    { url = "https://files.pythonhosted.org/packages/2c/54/887f3092a85238093a0b2154bd629c89444f395618842e8b0c41783898ea/markupsafe-3.0.3-cp312-cp312-manylinux_2_31_riscv64.manylinux_2_39_riscv64.whl", hash = "sha256:94c6f0bb423f739146aec64595853541634bde58b2135f27f61c1ffd1cd4d16a", size = 21962, upload-time = "2025-09-27T18:36:35.099Z" },
    { url = "https://files.pythonhosted.org/packages/c9/2f/336b8c7b6f4a4d95e91119dc8521402461b74a485558d8f238a68312f11c/markupsafe-3.0.3-cp312-cp312-musllinux_1_2_aarch64.whl", hash = "sha256:be8813b57049a7dc738189df53d69395eba14fb99345e0a5994914a3864c8a4b", size = 23760, upload-time = "2025-09-27T18:36:36.001Z" },
    { url = "https://files.pythonhosted.org/packages/32/43/67935f2b7e4982ffb50a4d169b724d74b62a3964bc1a9a527f5ac4f1ee2b/markupsafe-3.0.3-cp312-cp312-musllinux_1_2_riscv64.whl", hash = "sha256:83891d0e9fb81a825d9a6d61e3f07550ca70a076484292a70fde82c4b807286f", size = 21529, upload-time = "2025-09-27T18:36:36.906Z" },
    { url = "https://files.pythonhosted.org/packages/89/e0/4486f11e51bbba8b0c041098859e869e304d1c261e59244baa3d295d47b7/markupsafe-3.0.3-cp312-cp312-musllinux_1_2_x86_64.whl", hash = "sha256:77f0643abe7495da77fb436f50f8dab76dbc6e5fd25d39589a0f1fe6548bfa2b", size = 23015, upload-time = "2025-09-27T18:36:37.868Z" },
    { url = "https://files.pythonhosted.org/packages/2f/e1/78ee7a023dac597a5825441ebd17170785a9dab23de95d2c7508ade94e0e/markupsafe-3.0.3-cp312-cp312-win32.whl", hash = "sha256:d88b440e37a16e651bda4c7c2b930eb586fd15ca7406cb39e211fcff3bf3017d", size = 14540, upload-time = "2025-09-27T18:36:38.761Z" },
    { url = "https://files.pythonhosted.org/packages/aa/5b/bec5aa9bbbb2c946ca2733ef9c4ca91c91b6a24580193e891b5f7dbe8e1e/markupsafe-3.0.3-cp312-cp312-win_amd64.whl", hash = "sha256:26a5784ded40c9e318cfc2bdb30fe164bdb8665ded9cd64d500a34fb42067b1c", size = 15105, upload-time = "2025-09-27T18:36:39.701Z" },
    { url = "https://files.pythonhosted.org/packages/e5/f1/216fc1bbfd74011693a4fd837e7026152e89c4bcf3e77b6692fba9923123/markupsafe-3.0.3-cp312-cp312-win_arm64.whl", hash = "sha256:35add3b638a5d900e807944a078b51922212fb3dedb01633a8defc4b01a3c85f", size = 13906, upload-time = "2025-09-27T18:36:40.689Z" },
]

[[package]]
name = "numpy"
version = "2.5.2"
source = { registry = "https://pypi.org/simple" }
sdist = { url = "https://files.pythonhosted.org/packages/9a/80/db0b4559e57ec36362bedbb05530a87fafbcb6067708c946967a41d449e7/numpy-2.5.2.tar.gz", hash = "sha256:d482d171c406ae88c5b19cad3b6a1c4c5209f886ab74bc44c2c865c23f52d860", size = 20773161, upload-time = "2026-08-09T13:48:27.962Z" }
wheels = [
    { url = "https://files.pythonhosted.org/packages/69/72/dccb0aaf40972777283303919f613964227266d0c13adebb79ac124f1c3e/numpy-2.5.2-cp312-cp312-macosx_10_13_x86_64.whl", hash = "sha256:14e373cfc6387177e8409dac3c7159be8eb05cd77096cd7c950268b86f62831c", size = 16891693, upload-time = "2026-08-09T13:44:51.702Z" },
    { url = "https://files.pythonhosted.org/packages/60/2e/b5aee50a1f74ac815cf8331812cb8251e29024025de462e0c047641c614c/numpy-2.5.2-cp312-cp312-macosx_11_0_arm64.whl", hash = "sha256:4bbd96c833ecc8cc069ce518078fc8c60cb9cbfb0fea5b7a803ad65035596d03", size = 11903109, upload-time = "2026-08-09T13:44:55.501Z" },
    { url = "https://files.pythonhosted.org/packages/f3/f4/29e78102a80601cf034d4e9767022cffeca2c3b4c926e1754572ca95593d/numpy-2.5.2-cp312-cp312-macosx_14_0_arm64.whl", hash = "sha256:6e8172ddfcf5cf74b811d372b570b83c60bd2de87a6fbfbebdadb4a9bd9c6cbb", size = 5350202, upload-time = "2026-08-09T13:44:58.401Z" },
    { url = "https://files.pythonhosted.org/packages/11/4b/dcd3b7eadaf4035d2c7a4289d232523a6964f602598ef7674e4bd7291f93/numpy-2.5.2-cp312-cp312-macosx_14_0_x86_64.whl", hash = "sha256:65f188481f1669e26f62b701e8205d19e460fa4a9b52a1414ba382330e4a3414", size = 6687736, upload-time = "2026-08-09T13:45:00.813Z" },
    { url = "https://files.pythonhosted.org/packages/e5/21/4947e0e9d6c9fc2e2ff15b8949049ee44f63adb9cacc729ab8793f97e712/numpy-2.5.2-cp312-cp312-manylinux_2_27_aarch64.manylinux_2_28_aarch64.whl", hash = "sha256:8ee9c4eeb8454b3660a8b53493563c3e121c2fc94fbd72b848ef814ed7b676a9", size = 15612696, upload-time = "2026-08-09T13:45:04.151Z" },
    { url = "https://files.pythonhosted.org/packages/3a/5f/62d28cf019460c7f1394105b4d49d9911a9c444cb77ab0bd95a204c5a6de/numpy-2.5.2-cp312-cp312-manylinux_2_27_x86_64.manylinux_2_28_x86_64.whl", hash = "sha256:3cdec01fa790a186d430433fdd4d4ffb70eed6f0eeb4bf05c8dbe2dce0a9bcb8", size = 16722264, upload-time = "2026-08-09T13:45:07.714Z" },
    { url = "https://files.pythonhosted.org/packages/14/25/3f0be4c1b9fdf5dd5e708a6806978564d7c46a055c000496309ff2a2f8af/numpy-2.5.2-cp312-cp312-musllinux_1_2_aarch64.whl", hash = "sha256:7999d4ddb0c4025018373fd787510d46e04c769467af22869707b3c1cfd459ab", size = 16974396, upload-time = "2026-08-09T13:45:11.316Z" },
    { url = "https://files.pythonhosted.org/packages/22/72/6262cbdeeb45da9d971e40715f579d791603ba8ec0b5e2db1ac55454421d/numpy-2.5.2-cp312-cp312-musllinux_1_2_x86_64.whl", hash = "sha256:c1f017dc0875c9209d219f97feceb7d54c2661bb243deb4114478e1295808af7", size = 18476044, upload-time = "2026-08-09T13:45:14.869Z" },
    { url = "https://files.pythonhosted.org/packages/36/33/29208b8b075bde62d26a81d14b358c42b0f69b6cabd98d4ff97f37f22b05/numpy-2.5.2-cp312-cp312-win32.whl", hash = "sha256:d6a48072864e3324e194a8fbb3c657bcc5b5c869dbc64c9537b1d5c862572c0a", size = 6072817, upload-time = "2026-08-09T13:45:17.867Z" },
    { url = "https://files.pythonhosted.org/packages/7f/b9/87fea2769fe1c47c1b5b01d8310772c9d1a85d485de7cf386ef7a3332b02/numpy-2.5.2-cp312-cp312-win_amd64.whl", hash = "sha256:28ac63476ec7651484215ee7fa15a1f78b57c14621f01e392afe17b9a1390ce4", size = 12464674, upload-time = "2026-08-09T13:45:20.734Z" },
    { url = "https://files.pythonhosted.org/packages/14/52/032b97e00461ab0809bbe4c588b035620e5a14b8cdee47ecddefc7b17d33/numpy-2.5.2-cp312-cp312-win_arm64.whl", hash = "sha256:27650bb0e7140fa3d37b9923b4803645e0b125d190f326eecfd3f4dad8e8ade1", size = 10397131, upload-time = "2026-08-09T13:45:23.73Z" },
]

[[package]]
name = "opendbc"
version = "0.3.1"
source = { editable = "/home/joai/opendbc" }
dependencies = [
    { name = "numpy" },
    { name = "pycapnp" },
    { name = "pycryptodome" },
    { name = "tqdm" },
]

[package.metadata]
requires-dist = [
    { name = "cffi", marker = "extra == 'testing'" },
    { name = "codespell", marker = "extra == 'testing'" },
    { name = "cpplint", marker = "extra == 'testing'" },
    { name = "gcovr", marker = "extra == 'testing'" },
    { name = "hypothesis", marker = "extra == 'testing'", specifier = "==6.47.*" },
    { name = "inputs", marker = "extra == 'examples'" },
    { name = "jinja2", marker = "extra == 'docs'" },
    { name = "lefthook", marker = "extra == 'testing'" },
    { name = "numpy" },
    { name = "pycapnp" },
    { name = "pycryptodome" },
    { name = "ruff", marker = "extra == 'testing'" },
    { name = "tqdm" },
    { name = "tree-sitter", marker = "extra == 'testing'" },
    { name = "tree-sitter-c", marker = "extra == 'testing'" },
    { name = "ty", marker = "extra == 'testing'" },
    { name = "unittest-parallel", marker = "extra == 'testing'" },
    { name = "zstandard", marker = "extra == 'testing'" },
]
provides-extras = ["testing", "docs", "examples"]

[package.metadata.requires-dev]
testing = [
    { name = "comma-car-segments", url = "https://huggingface.co/datasets/commaai/commaCarSegments/resolve/main/dist/comma_car_segments-0.1.0-py3-none-any.whl" },
    { name = "cppcheck", git = "https://github.com/commaai/dependencies.git?subdirectory=cppcheck&rev=release-cppcheck" },
]

[[package]]
name = "packaging"
version = "26.3"
source = { registry = "https://pypi.org/simple" }
sdist = { url = "https://files.pythonhosted.org/packages/7d/fa/3944b40b07da9ce895c0e6303a5ab7d53da063554f534556b134a54d6093/packaging-26.3.tar.gz", hash = "sha256:94edc256424af38762eb31306eed28beb9f0efc50a8837492c9d6fd6004aed79", size = 313412, upload-time = "2026-08-04T18:15:28.737Z" }
wheels = [
    { url = "https://files.pythonhosted.org/packages/63/34/ba1c580383c9eada3711951fef0795c80b829a078d72188184bcab9dd527/packaging-26.3-py3-none-any.whl", hash = "sha256:d7193f7c8e4e93f444fde0262bf90af30e16fa0ad0ad44cb553c87339b23cd1c", size = 129956, upload-time = "2026-08-04T18:15:27.159Z" },
]

[[package]]
name = "pluggy"
version = "1.6.0"
source = { registry = "https://pypi.org/simple" }
sdist = { url = "https://files.pythonhosted.org/packages/f9/e2/3e91f31a7d2b083fe6ef3fa267035b518369d9511ffab804f839851d2779/pluggy-1.6.0.tar.gz", hash = "sha256:7dcc130b76258d33b90f61b658791dede3486c3e6bfb003ee5c9bfb396dd22f3", size = 69412, upload-time = "2025-05-15T12:30:07.975Z" }
wheels = [
    { url = "https://files.pythonhosted.org/packages/54/20/4d324d65cc6d9205fabedc306948156824eb9f0ee1633355a8f7ec5c66bf/pluggy-1.6.0-py3-none-any.whl", hash = "sha256:e920276dd6813095e9377c0bc5566d94c932c33b27a3e3945d8389c374dd4746", size = 20538, upload-time = "2025-05-15T12:30:06.134Z" },
]

[[package]]
name = "pycapnp"
version = "2.2.4"
source = { registry = "https://pypi.org/simple" }
dependencies = [
    { name = "jinja2" },
]
sdist = { url = "https://files.pythonhosted.org/packages/a1/b6/de6176fd9d0a16b2ca03f1f6dfea391ef64222a394dc135c2f7bac2347fa/pycapnp-2.2.4.tar.gz", hash = "sha256:a598bd3952de76a803a53b845c8c300828338b949946d49f8af716328cda0a1a", size = 738820, upload-time = "2026-07-03T22:47:39.836Z" }
wheels = [
    { url = "https://files.pythonhosted.org/packages/fc/f7/6e9db433fd206f08bb24239bbbf37248211fb05e43b91a3eed29ea0777b9/pycapnp-2.2.4-cp312-cp312-macosx_10_13_x86_64.whl", hash = "sha256:5ce72f99b089966b27e43a95911f2f448c2167ed9e56355b626423ab197c729e", size = 2240835, upload-time = "2026-07-03T22:45:35.169Z" },
    { url = "https://files.pythonhosted.org/packages/09/e4/69d8bb4bf0c45b9ab9c11866b26567d456c5a6a1def98feb96b4c4681721/pycapnp-2.2.4-cp312-cp312-macosx_11_0_arm64.whl", hash = "sha256:e54b87f5e2ecae92a6288fd0c25efff3bf3655c65cda710045bf02dd0226975d", size = 2120915, upload-time = "2026-07-03T22:45:36.637Z" },
    { url = "https://files.pythonhosted.org/packages/df/62/dfb4fa3cc6b246a1b0a0166e50b2b5b3c5217d82b7ca84dc8dbc3d57b4eb/pycapnp-2.2.4-cp312-cp312-manylinux_2_28_aarch64.whl", hash = "sha256:ef67d39da054f0b2ff4b69a4c6e20e993246a33c57f45f2b2f323df2ea4c7d5a", size = 5823966, upload-time = "2026-07-03T22:45:38.173Z" },
    { url = "https://files.pythonhosted.org/packages/db/46/79016a372293d62eebcd5d3bc0066b6b0b96c661c46b2fcfa657dd9ee565/pycapnp-2.2.4-cp312-cp312-manylinux_2_28_i686.whl", hash = "sha256:ad8d314b92301c76839a09c6924d949d65686938250aef9569081ece3776ac04", size = 5873727, upload-time = "2026-07-03T22:45:40.149Z" },
    { url = "https://files.pythonhosted.org/packages/bb/ef/40ed7ce9d9e9b2804e2f1f78f3a39f5aad8ea0452813709327b3fd627fb6/pycapnp-2.2.4-cp312-cp312-manylinux_2_28_ppc64le.whl", hash = "sha256:7f65558d2da2df1bff585f204007c9bf9c8492bf9d47041f31041f41991cf242", size = 6185326, upload-time = "2026-07-03T22:45:41.99Z" },
    { url = "https://files.pythonhosted.org/packages/9a/98/342c6a297ac1e03182fd8dd4fccff44bd5627540007b1963b58a7fbdace1/pycapnp-2.2.4-cp312-cp312-manylinux_2_28_s390x.whl", hash = "sha256:3e78f352005b731d475e0589d70dc6e0070d0e8cc5cd5e2d8b45222286413145", size = 6299271, upload-time = "2026-07-03T22:45:44.097Z" },
    { url = "https://files.pythonhosted.org/packages/7d/b7/d4386d6b47add50d659a5f8b331b8f3a13f8de4fa8c2d67b88d5ea5163e1/pycapnp-2.2.4-cp312-cp312-manylinux_2_28_x86_64.whl", hash = "sha256:80e12e4713dca8683188aae7dd883b25d9175c1b41455af2b5d5a35dd0d3c42a", size = 6048348, upload-time = "2026-07-03T22:45:46.016Z" },
    { url = "https://files.pythonhosted.org/packages/66/ac/35525c61456c1c4b272274af9212ee9443c0edbd611f43f9bca0afc64b3c/pycapnp-2.2.4-cp312-cp312-musllinux_1_2_aarch64.whl", hash = "sha256:f76823b5ce17ab91d3c69849d906ad872b2615167c21e436fa432f84373d3f46", size = 6691130, upload-time = "2026-07-03T22:45:47.817Z" },
    { url = "https://files.pythonhosted.org/packages/05/98/77e6a4041ce04b84175ac8856e6c5f520c30a72c986eb826152b410ea41c/pycapnp-2.2.4-cp312-cp312-musllinux_1_2_i686.whl", hash = "sha256:a0ecb2636231c27f0551a4b7df92384fdf0637ca5b2fad996e9450aedc4f2447", size = 7006242, upload-time = "2026-07-03T22:45:49.485Z" },
    { url = "https://files.pythonhosted.org/packages/23/dd/aabedffcd9bc85184a626d638d76fc35ac1201af07d00feebb804b661bc2/pycapnp-2.2.4-cp312-cp312-musllinux_1_2_ppc64le.whl", hash = "sha256:a22d39d36c6c07cd0be934b7c82999faa8d38e16a6808d5ee7d88e4a84c7ef95", size = 7133792, upload-time = "2026-07-03T22:45:51.36Z" },
    { url = "https://files.pythonhosted.org/packages/51/bb/746b6b5169e7fe8ceb518451280a4712c9e09049ca921592ab60ce258598/pycapnp-2.2.4-cp312-cp312-musllinux_1_2_s390x.whl", hash = "sha256:70a6bc1951ca1b7579bc053bef9d97ee72902329ee9eccf21533881a3b051b9d", size = 7219219, upload-time = "2026-07-03T22:45:53.09Z" },
    { url = "https://files.pythonhosted.org/packages/1f/ee/823f3823b977681bf569623c2fc6e07e38853f3aabc8515944da1071653d/pycapnp-2.2.4-cp312-cp312-musllinux_1_2_x86_64.whl", hash = "sha256:24003799334310d7760d0bd5896773051afa93c28b17c5e5fd2ec2c9f6df50cc", size = 6983973, upload-time = "2026-07-03T22:45:55.125Z" },
    { url = "https://files.pythonhosted.org/packages/21/4d/45bf451720b7f1de33ade1df291d0806a71bd1e249fbd5ce50e53c94fb4c/pycapnp-2.2.4-cp312-cp312-win32.whl", hash = "sha256:4d50c983c2564e4fee209a9de44fee30009e15cf1af788d38ed0caf27b5c8587", size = 1701411, upload-time = "2026-07-03T22:45:56.824Z" },
    { url = "https://files.pythonhosted.org/packages/ea/af/e3aff02a283e6a71604baa5631f924b8d5cd00538e119b375fef90218ec0/pycapnp-2.2.4-cp312-cp312-win_amd64.whl", hash = "sha256:bdcf2c04bbf92b075581c8325708cce3093d073945057c9ab5bb6a80f74b06bb", size = 1833438, upload-time = "2026-07-03T22:45:58.318Z" },
]

[[package]]
name = "pycryptodome"
version = "3.23.0"
source = { registry = "https://pypi.org/simple" }
sdist = { url = "https://files.pythonhosted.org/packages/8e/a6/8452177684d5e906854776276ddd34eca30d1b1e15aa1ee9cefc289a33f5/pycryptodome-3.23.0.tar.gz", hash = "sha256:447700a657182d60338bab09fdb27518f8856aecd80ae4c6bdddb67ff5da44ef", size = 4921276, upload-time = "2025-05-17T17:21:45.242Z" }
wheels = [
    { url = "https://files.pythonhosted.org/packages/db/6c/a1f71542c969912bb0e106f64f60a56cc1f0fabecf9396f45accbe63fa68/pycryptodome-3.23.0-cp37-abi3-macosx_10_9_universal2.whl", hash = "sha256:187058ab80b3281b1de11c2e6842a357a1f71b42cb1e15bce373f3d238135c27", size = 2495627, upload-time = "2025-05-17T17:20:47.139Z" },
    { url = "https://files.pythonhosted.org/packages/6e/4e/a066527e079fc5002390c8acdd3aca431e6ea0a50ffd7201551175b47323/pycryptodome-3.23.0-cp37-abi3-macosx_10_9_x86_64.whl", hash = "sha256:cfb5cd445280c5b0a4e6187a7ce8de5a07b5f3f897f235caa11f1f435f182843", size = 1640362, upload-time = "2025-05-17T17:20:50.392Z" },
    { url = "https://files.pythonhosted.org/packages/50/52/adaf4c8c100a8c49d2bd058e5b551f73dfd8cb89eb4911e25a0c469b6b4e/pycryptodome-3.23.0-cp37-abi3-manylinux_2_17_aarch64.manylinux2014_aarch64.whl", hash = "sha256:67bd81fcbe34f43ad9422ee8fd4843c8e7198dd88dd3d40e6de42ee65fbe1490", size = 2182625, upload-time = "2025-05-17T17:20:52.866Z" },
    { url = "https://files.pythonhosted.org/packages/5f/e9/a09476d436d0ff1402ac3867d933c61805ec2326c6ea557aeeac3825604e/pycryptodome-3.23.0-cp37-abi3-manylinux_2_17_x86_64.manylinux2014_x86_64.whl", hash = "sha256:c8987bd3307a39bc03df5c8e0e3d8be0c4c3518b7f044b0f4c15d1aa78f52575", size = 2268954, upload-time = "2025-05-17T17:20:55.027Z" },
    { url = "https://files.pythonhosted.org/packages/f9/c5/ffe6474e0c551d54cab931918127c46d70cab8f114e0c2b5a3c071c2f484/pycryptodome-3.23.0-cp37-abi3-manylinux_2_5_i686.manylinux1_i686.manylinux_2_17_i686.manylinux2014_i686.whl", hash = "sha256:aa0698f65e5b570426fc31b8162ed4603b0c2841cbb9088e2b01641e3065915b", size = 2308534, upload-time = "2025-05-17T17:20:57.279Z" },
    { url = "https://files.pythonhosted.org/packages/18/28/e199677fc15ecf43010f2463fde4c1a53015d1fe95fb03bca2890836603a/pycryptodome-3.23.0-cp37-abi3-musllinux_1_2_aarch64.whl", hash = "sha256:53ecbafc2b55353edcebd64bf5da94a2a2cdf5090a6915bcca6eca6cc452585a", size = 2181853, upload-time = "2025-05-17T17:20:59.322Z" },
    { url = "https://files.pythonhosted.org/packages/ce/ea/4fdb09f2165ce1365c9eaefef36625583371ee514db58dc9b65d3a255c4c/pycryptodome-3.23.0-cp37-abi3-musllinux_1_2_i686.whl", hash = "sha256:156df9667ad9f2ad26255926524e1c136d6664b741547deb0a86a9acf5ea631f", size = 2342465, upload-time = "2025-05-17T17:21:03.83Z" },
    { url = "https://files.pythonhosted.org/packages/22/82/6edc3fc42fe9284aead511394bac167693fb2b0e0395b28b8bedaa07ef04/pycryptodome-3.23.0-cp37-abi3-musllinux_1_2_x86_64.whl", hash = "sha256:dea827b4d55ee390dc89b2afe5927d4308a8b538ae91d9c6f7a5090f397af1aa", size = 2267414, upload-time = "2025-05-17T17:21:06.72Z" },
    { url = "https://files.pythonhosted.org/packages/59/fe/aae679b64363eb78326c7fdc9d06ec3de18bac68be4b612fc1fe8902693c/pycryptodome-3.23.0-cp37-abi3-win32.whl", hash = "sha256:507dbead45474b62b2bbe318eb1c4c8ee641077532067fec9c1aa82c31f84886", size = 1768484, upload-time = "2025-05-17T17:21:08.535Z" },
    { url = "https://files.pythonhosted.org/packages/54/2f/e97a1b8294db0daaa87012c24a7bb714147c7ade7656973fd6c736b484ff/pycryptodome-3.23.0-cp37-abi3-win_amd64.whl", hash = "sha256:c75b52aacc6c0c260f204cbdd834f76edc9fb0d8e0da9fbf8352ef58202564e2", size = 1799636, upload-time = "2025-05-17T17:21:10.393Z" },
    { url = "https://files.pythonhosted.org/packages/18/3d/f9441a0d798bf2b1e645adc3265e55706aead1255ccdad3856dbdcffec14/pycryptodome-3.23.0-cp37-abi3-win_arm64.whl", hash = "sha256:11eeeb6917903876f134b56ba11abe95c0b0fd5e3330def218083c7d98bbcb3c", size = 1703675, upload-time = "2025-05-17T17:21:13.146Z" },
]

[[package]]
name = "pygments"
version = "2.21.0"
source = { registry = "https://pypi.org/simple" }
sdist = { url = "https://files.pythonhosted.org/packages/49/2e/ced460408999b33da6b31b0021b0f37d329e202d4169aeb164493778f25b/pygments-2.21.0.tar.gz", hash = "sha256:610ca751c9bc2492b38eb9a38a7fbc93edbbb2d7182edaf34e66ae493dee5c8c", size = 5005329, upload-time = "2026-08-17T08:02:48.824Z" }
wheels = [
    { url = "https://files.pythonhosted.org/packages/71/46/17f022dd3e953bf20a04a028a21ec746d942f8d2af30fa0f124fa0e6a684/pygments-2.21.0-py3-none-any.whl", hash = "sha256:2363c69b61c4a97c838da3b130dcd6468f4848992b21a82f2a63ec34377137d9", size = 1250147, upload-time = "2026-08-17T08:02:44.912Z" },
]

[[package]]
name = "pytest"
version = "9.1.1"
source = { registry = "https://pypi.org/simple" }
dependencies = [
    { name = "colorama", marker = "sys_platform == 'win32'" },
    { name = "iniconfig" },
    { name = "packaging" },
    { name = "pluggy" },
    { name = "pygments" },
]
sdist = { url = "https://files.pythonhosted.org/packages/e4/47/b9efed96c114afcfa3c9d3fe98a76a1d14c74a9e266d397cf6eb64be5e01/pytest-9.1.1.tar.gz", hash = "sha256:1088fbde8f2b49d95a549a195707afa7a76a3ce9bcadc26b6d71f0ffda5fe313", size = 1636369, upload-time = "2026-06-19T10:58:32.857Z" }
wheels = [
    { url = "https://files.pythonhosted.org/packages/24/25/1de2678b631f5a49215c6c96fff41ba892b0a34df68d6d80292b1b48aa7f/pytest-9.1.1-py3-none-any.whl", hash = "sha256:37a86b45efb9a47a61a36449063e8e18d0cab3161329fc099eb21783169c4f0c", size = 386536, upload-time = "2026-06-19T10:58:31.347Z" },
]

[[package]]
name = "python-can"
version = "4.6.1"
source = { registry = "https://pypi.org/simple" }
dependencies = [
    { name = "packaging" },
    { name = "typing-extensions" },
    { name = "wrapt" },
]
sdist = { url = "https://files.pythonhosted.org/packages/74/f9/a9d99d36dd33be5badb747801c9255c3c526171a5542092eaacc73350fb8/python_can-4.6.1.tar.gz", hash = "sha256:290fea135d04b8504ebff33889cc6d301e2181a54099116609f940825ffe5005", size = 1206049, upload-time = "2025-08-12T07:44:58.314Z" }
wheels = [
    { url = "https://files.pythonhosted.org/packages/58/34/e4ac153acdbcfba7f48bc73d6586a74c91cc919fcc2e29acbf81be329d1f/python_can-4.6.1-py3-none-any.whl", hash = "sha256:17f95255868a95108dcfcb90565a684dad32d5a3ebb35afd14f739e18c84ff6c", size = 276996, upload-time = "2025-08-12T07:44:56.55Z" },
]

[[package]]
name = "pyusb"
version = "1.3.1"
source = { registry = "https://pypi.org/simple" }
sdist = { url = "https://files.pythonhosted.org/packages/00/6b/ce3727395e52b7b76dfcf0c665e37d223b680b9becc60710d4bc08b7b7cb/pyusb-1.3.1.tar.gz", hash = "sha256:3af070b607467c1c164f49d5b0caabe8ac78dbed9298d703a8dbf9df4052d17e", size = 77281, upload-time = "2025-01-08T23:45:01.866Z" }
wheels = [
    { url = "https://files.pythonhosted.org/packages/28/b8/27e6312e86408a44fe16bd28ee12dd98608b39f7e7e57884a24e8f29b573/pyusb-1.3.1-py3-none-any.whl", hash = "sha256:bf9b754557af4717fe80c2b07cc2b923a9151f5c08d17bdb5345dac09d6a0430", size = 58465, upload-time = "2025-01-08T23:45:00.029Z" },
]

[[package]]
name = "pyyaml"
version = "6.0.3"
source = { registry = "https://pypi.org/simple" }
sdist = { url = "https://files.pythonhosted.org/packages/05/8e/961c0007c59b8dd7729d542c61a4d537767a59645b82a0b521206e1e25c2/pyyaml-6.0.3.tar.gz", hash = "sha256:d76623373421df22fb4cf8817020cbb7ef15c725b9d5e45f17e189bfc384190f", size = 130960, upload-time = "2025-09-25T21:33:16.546Z" }
wheels = [
    { url = "https://files.pythonhosted.org/packages/d1/33/422b98d2195232ca1826284a76852ad5a86fe23e31b009c9886b2d0fb8b2/pyyaml-6.0.3-cp312-cp312-macosx_10_13_x86_64.whl", hash = "sha256:7f047e29dcae44602496db43be01ad42fc6f1cc0d8cd6c83d342306c32270196", size = 182063, upload-time = "2025-09-25T21:32:11.445Z" },
    { url = "https://files.pythonhosted.org/packages/89/a0/6cf41a19a1f2f3feab0e9c0b74134aa2ce6849093d5517a0c550fe37a648/pyyaml-6.0.3-cp312-cp312-macosx_11_0_arm64.whl", hash = "sha256:fc09d0aa354569bc501d4e787133afc08552722d3ab34836a80547331bb5d4a0", size = 173973, upload-time = "2025-09-25T21:32:12.492Z" },
    { url = "https://files.pythonhosted.org/packages/ed/23/7a778b6bd0b9a8039df8b1b1d80e2e2ad78aa04171592c8a5c43a56a6af4/pyyaml-6.0.3-cp312-cp312-manylinux2014_aarch64.manylinux_2_17_aarch64.manylinux_2_28_aarch64.whl", hash = "sha256:9149cad251584d5fb4981be1ecde53a1ca46c891a79788c0df828d2f166bda28", size = 775116, upload-time = "2025-09-25T21:32:13.652Z" },
    { url = "https://files.pythonhosted.org/packages/65/30/d7353c338e12baef4ecc1b09e877c1970bd3382789c159b4f89d6a70dc09/pyyaml-6.0.3-cp312-cp312-manylinux2014_s390x.manylinux_2_17_s390x.manylinux_2_28_s390x.whl", hash = "sha256:5fdec68f91a0c6739b380c83b951e2c72ac0197ace422360e6d5a959d8d97b2c", size = 844011, upload-time = "2025-09-25T21:32:15.21Z" },
    { url = "https://files.pythonhosted.org/packages/8b/9d/b3589d3877982d4f2329302ef98a8026e7f4443c765c46cfecc8858c6b4b/pyyaml-6.0.3-cp312-cp312-manylinux2014_x86_64.manylinux_2_17_x86_64.manylinux_2_28_x86_64.whl", hash = "sha256:ba1cc08a7ccde2d2ec775841541641e4548226580ab850948cbfda66a1befcdc", size = 807870, upload-time = "2025-09-25T21:32:16.431Z" },
    { url = "https://files.pythonhosted.org/packages/05/c0/b3be26a015601b822b97d9149ff8cb5ead58c66f981e04fedf4e762f4bd4/pyyaml-6.0.3-cp312-cp312-musllinux_1_2_aarch64.whl", hash = "sha256:8dc52c23056b9ddd46818a57b78404882310fb473d63f17b07d5c40421e47f8e", size = 761089, upload-time = "2025-09-25T21:32:17.56Z" },
    { url = "https://files.pythonhosted.org/packages/be/8e/98435a21d1d4b46590d5459a22d88128103f8da4c2d4cb8f14f2a96504e1/pyyaml-6.0.3-cp312-cp312-musllinux_1_2_x86_64.whl", hash = "sha256:41715c910c881bc081f1e8872880d3c650acf13dfa8214bad49ed4cede7c34ea", size = 790181, upload-time = "2025-09-25T21:32:18.834Z" },
    { url = "https://files.pythonhosted.org/packages/74/93/7baea19427dcfbe1e5a372d81473250b379f04b1bd3c4c5ff825e2327202/pyyaml-6.0.3-cp312-cp312-win32.whl", hash = "sha256:96b533f0e99f6579b3d4d4995707cf36df9100d67e0c8303a0c55b27b5f99bc5", size = 137658, upload-time = "2025-09-25T21:32:20.209Z" },
    { url = "https://files.pythonhosted.org/packages/86/bf/899e81e4cce32febab4fb42bb97dcdf66bc135272882d1987881a4b519e9/pyyaml-6.0.3-cp312-cp312-win_amd64.whl", hash = "sha256:5fcd34e47f6e0b794d17de1b4ff496c00986e1c83f7ab2fb8fcfe9616ff7477b", size = 154003, upload-time = "2025-09-25T21:32:21.167Z" },
    { url = "https://files.pythonhosted.org/packages/1a/08/67bd04656199bbb51dbed1439b7f27601dfb576fb864099c7ef0c3e55531/pyyaml-6.0.3-cp312-cp312-win_arm64.whl", hash = "sha256:64386e5e707d03a7e172c0701abfb7e10f0fb753ee1d773128192742712a98fd", size = 140344, upload-time = "2025-09-25T21:32:22.617Z" },
]

[[package]]
name = "textparser"
version = "0.26.2"
source = { registry = "https://pypi.org/simple" }
sdist = { url = "https://files.pythonhosted.org/packages/2c/f4/5825bb4dc4d91ab0eef62496e1a1495a698a433fc016159934fa2a854aba/textparser-0.26.2.tar.gz", hash = "sha256:859825876a9c38f7c313ee1cf991a59d6b56232a9f67be6dcc0a758d84654fba", size = 100264, upload-time = "2026-06-20T07:49:28.882Z" }
wheels = [
    { url = "https://files.pythonhosted.org/packages/7d/cc/812fe3ae07a1917bb4cfb6dec5f6fc6e8825d65b4e77cd25bc52cd59230f/textparser-0.26.2-py3-none-any.whl", hash = "sha256:e14ec4fd58d3515d897196a71f4ccf8d354f5c5c6b87910571b4d250de073c4b", size = 9638, upload-time = "2026-06-20T07:49:27.777Z" },
]

[[package]]
name = "tqdm"
version = "4.70.0"
source = { registry = "https://pypi.org/simple" }
dependencies = [
    { name = "colorama", marker = "sys_platform == 'win32'" },
]
sdist = { url = "https://files.pythonhosted.org/packages/21/3b/6c24bec5be5e743ffd99576daa5cc077722fc7d5bbc00bd133fa0c698dc6/tqdm-4.70.0.tar.gz", hash = "sha256:55b0b0dbd97462d06ebee91e4dac24ed4d4702be82b24f07e6c1d27e08cea220", size = 795438, upload-time = "2026-07-27T11:33:15.271Z" }
wheels = [
    { url = "https://files.pythonhosted.org/packages/f9/1c/01bfd571a64e7f270e6bab5e33777debe0edc56759233ce84f27dec92d14/tqdm-4.70.0-py3-none-any.whl", hash = "sha256:7f585706bfddbdebf89daac705b2dfcc16890130727d3197ca62c732b4310953", size = 80184, upload-time = "2026-07-27T11:33:13.167Z" },
]

[[package]]
name = "typing-extensions"
version = "4.16.0"
source = { registry = "https://pypi.org/simple" }
sdist = { url = "https://files.pythonhosted.org/packages/f6/cc/6253133b5bb138fc3306cebfbda2c520f545d36b5be2c7255cc528bb45d6/typing_extensions-4.16.0.tar.gz", hash = "sha256:dc983d19a509c94dba722ee6abd33940f7c05a89e243c47e907eb4db6f1a43e5", size = 113555, upload-time = "2026-07-02T08:40:05.92Z" }
wheels = [
    { url = "https://files.pythonhosted.org/packages/49/d3/b8441a820a491ddfc024b0b0cf0393375b75ea13866d9c66727e54c2fc80/typing_extensions-4.16.0-py3-none-any.whl", hash = "sha256:481caa481374e813c1b176ada14e97f1f67a4539ce9cfeb3f350d78d6370c2e8", size = 45571, upload-time = "2026-07-02T08:40:04.659Z" },
]

[[package]]
name = "wrapt"
version = "1.17.3"
source = { registry = "https://pypi.org/simple" }
sdist = { url = "https://files.pythonhosted.org/packages/95/8f/aeb76c5b46e273670962298c23e7ddde79916cb74db802131d49a85e4b7d/wrapt-1.17.3.tar.gz", hash = "sha256:f66eb08feaa410fe4eebd17f2a2c8e2e46d3476e9f8c783daa8e09e0faa666d0", size = 55547, upload-time = "2025-08-12T05:53:21.714Z" }
wheels = [
    { url = "https://files.pythonhosted.org/packages/9f/41/cad1aba93e752f1f9268c77270da3c469883d56e2798e7df6240dcb2287b/wrapt-1.17.3-cp312-cp312-macosx_10_13_universal2.whl", hash = "sha256:ab232e7fdb44cdfbf55fc3afa31bcdb0d8980b9b95c38b6405df2acb672af0e0", size = 53998, upload-time = "2025-08-12T05:51:47.138Z" },
    { url = "https://files.pythonhosted.org/packages/60/f8/096a7cc13097a1869fe44efe68dace40d2a16ecb853141394047f0780b96/wrapt-1.17.3-cp312-cp312-macosx_10_13_x86_64.whl", hash = "sha256:9baa544e6acc91130e926e8c802a17f3b16fbea0fd441b5a60f5cf2cc5c3deba", size = 39020, upload-time = "2025-08-12T05:51:35.906Z" },
    { url = "https://files.pythonhosted.org/packages/33/df/bdf864b8997aab4febb96a9ae5c124f700a5abd9b5e13d2a3214ec4be705/wrapt-1.17.3-cp312-cp312-macosx_11_0_arm64.whl", hash = "sha256:6b538e31eca1a7ea4605e44f81a48aa24c4632a277431a6ed3f328835901f4fd", size = 39098, upload-time = "2025-08-12T05:51:57.474Z" },
    { url = "https://files.pythonhosted.org/packages/9f/81/5d931d78d0eb732b95dc3ddaeeb71c8bb572fb01356e9133916cd729ecdd/wrapt-1.17.3-cp312-cp312-manylinux1_x86_64.manylinux_2_28_x86_64.manylinux_2_5_x86_64.whl", hash = "sha256:042ec3bb8f319c147b1301f2393bc19dba6e176b7da446853406d041c36c7828", size = 88036, upload-time = "2025-08-12T05:52:34.784Z" },
    { url = "https://files.pythonhosted.org/packages/ca/38/2e1785df03b3d72d34fc6252d91d9d12dc27a5c89caef3335a1bbb8908ca/wrapt-1.17.3-cp312-cp312-manylinux2014_aarch64.manylinux_2_17_aarch64.manylinux_2_28_aarch64.whl", hash = "sha256:3af60380ba0b7b5aeb329bc4e402acd25bd877e98b3727b0135cb5c2efdaefe9", size = 88156, upload-time = "2025-08-12T05:52:13.599Z" },
    { url = "https://files.pythonhosted.org/packages/b3/8b/48cdb60fe0603e34e05cffda0b2a4adab81fd43718e11111a4b0100fd7c1/wrapt-1.17.3-cp312-cp312-musllinux_1_2_aarch64.whl", hash = "sha256:0b02e424deef65c9f7326d8c19220a2c9040c51dc165cddb732f16198c168396", size = 87102, upload-time = "2025-08-12T05:52:14.56Z" },
    { url = "https://files.pythonhosted.org/packages/3c/51/d81abca783b58f40a154f1b2c56db1d2d9e0d04fa2d4224e357529f57a57/wrapt-1.17.3-cp312-cp312-musllinux_1_2_x86_64.whl", hash = "sha256:74afa28374a3c3a11b3b5e5fca0ae03bef8450d6aa3ab3a1e2c30e3a75d023dc", size = 87732, upload-time = "2025-08-12T05:52:36.165Z" },
    { url = "https://files.pythonhosted.org/packages/9e/b1/43b286ca1392a006d5336412d41663eeef1ad57485f3e52c767376ba7e5a/wrapt-1.17.3-cp312-cp312-win32.whl", hash = "sha256:4da9f45279fff3543c371d5ababc57a0384f70be244de7759c85a7f989cb4ebe", size = 36705, upload-time = "2025-08-12T05:53:07.123Z" },
    { url = "https://files.pythonhosted.org/packages/28/de/49493f962bd3c586ab4b88066e967aa2e0703d6ef2c43aa28cb83bf7b507/wrapt-1.17.3-cp312-cp312-win_amd64.whl", hash = "sha256:e71d5c6ebac14875668a1e90baf2ea0ef5b7ac7918355850c0908ae82bcb297c", size = 38877, upload-time = "2025-08-12T05:53:05.436Z" },
    { url = "https://files.pythonhosted.org/packages/f1/48/0f7102fe9cb1e8a5a77f80d4f0956d62d97034bbe88d33e94699f99d181d/wrapt-1.17.3-cp312-cp312-win_arm64.whl", hash = "sha256:604d076c55e2fdd4c1c03d06dc1a31b95130010517b5019db15365ec4a405fc6", size = 36885, upload-time = "2025-08-12T05:52:54.367Z" },
    { url = "https://files.pythonhosted.org/packages/1f/f6/a933bd70f98e9cf3e08167fc5cd7aaaca49147e48411c0bd5ae701bb2194/wrapt-1.17.3-py3-none-any.whl", hash = "sha256:7171ae35d2c33d326ac19dd8facb1e82e5fd04ef8c6c0e394d7af55a55051c22", size = 23591, upload-time = "2025-08-12T05:53:20.674Z" },
]
